
Microsoft Visual Studio Solution File, Format Version 12.00
# Visual Studio Version 18
VisualStudioVersion = 18.5.11612.153 insiders
MinimumVisualStudioVersion = 10.0.40219.1
Project("{2150E333-8FDC-42A3-9474-1A3956D46DE8}") = "src", "src", "{827E0CD3-B72D-47B6-A68D-7590B98EB39B}"
EndProject
Project("{FAE04EC0-301F-11D3-BF4B-00C04F79EFBC}") = "Moka.Docs.Core", "src\Moka.Docs.Core\Moka.Docs.Core.csproj", "{5A6FBC0E-DF8E-4EC1-9193-920CA76ACD0E}"
EndProject
Project("{FAE04EC0-301F-11D3-BF4B-00C04F79EFBC}") = "Moka.Docs.Engine", "src\Moka.Docs.Engine\Moka.Docs.Engine.csproj", "{EAC252ED-6DBF-4D61-A408-A7BD8DF4E863}"
EndProject
Project("{FAE04EC0-301F-11D3-BF4B-00C04F79EFBC}") = "Moka.Docs.Parsing", "src\Moka.Docs.Parsing\Moka.Docs.Parsing.csproj", "{10EFDF1C-4C73-40FE-9F66-C7D18C31C759}"
EndProject
Project("{FAE04EC0-301F-11D3-BF4B-00C04F79EFBC}") = "Moka.Docs.CSharp", "src\Moka.Docs.CSharp\Moka.Docs.CSharp.csproj", "{BDE1554E-E0B2-4038-91A8-250B86538761}"
EndProject
Project("{FAE04EC0-301F-11D3-BF4B-00C04F79EFBC}") = "Moka.Docs.Rendering", "src\Moka.Docs.Rendering\Moka.Docs.Rendering.csproj", "{29EDFCB3-33E3-471A-A7C2-D22240186B3A}"
EndProject
Project("{FAE04EC0-301F-11D3-BF4B-00C04F79EFBC}") = "Moka.Docs.Themes", "src\Moka.Docs.Themes\Moka.Docs.Themes.csproj", "{455EBA6B-017A-435A-A17E-6C214122D64D}"
EndProject
Project("{FAE04EC0-301F-11D3-BF4B-00C04F79EFBC}") = "Moka.Docs.Plugins", "src\Moka.Docs.Plugins\Moka.Docs.Plugins.csproj", "{EB785A47-6A44-4EDF-AB18-D9EC1543B67D}"
EndProject
Project("{FAE04EC0-301F-11D3-BF4B-00C04F79EFBC}") = "Moka.Docs.Search", "src\Moka.Docs.Search\Moka.Docs.Search.csproj", "{DAC8D314-E700-4DD8-B77D-F10CCC0AF368}"
EndProject
Project("{FAE04EC0-301F-11D3-BF4B-00C04F79EFBC}") = "Moka.Docs.Versioning", "src\Moka.Docs.Versioning\Moka.Docs.Versioning.csproj", "{E16EAB34-0399-4115-91A1-5AA798E02190}"
EndProject
Project("{FAE04EC0-301F-11D3-BF4B-00C04F79EFBC}") = "Moka.Docs.Serve", "src\Moka.Docs.Serve\Moka.Docs.Serve.csproj", "{F5298BE6-6A65-4877-8971-9E3F598BF665}"
EndProject
Project("{FAE04EC0-301F-11D3-BF4B-00C04F79EFBC}") = "Moka.Docs.Cli", "src\Moka.Docs.Cli\Moka.Docs.Cli.csproj", "{6E9460AA-5014-44FA-BEFA-DA0AC293306A}"
EndProject
Project("{FAE04EC0-301F-11D3-BF4B-00C04F79EFBC}") = "Moka.Docs.Cloud", "src\Moka.Docs.Cloud\Moka.Docs.Cloud.csproj", "{79C6000D-AB4D-4447-9279-07C6A47804CE}"
EndProject
Project("{2150E333-8FDC-42A3-9474-1A3956D46DE8}") = "tests", "tests", "{0AB3BF05-4346-4AA6-1389-037BE0695223}"
EndProject
Project("{FAE04EC0-301F-11D3-BF4B-00C04F79EFBC}") = "Moka.Docs.Core.Tests", "tests\Moka.Docs.Core.Tests\Moka.Docs.Core.Tests.csproj", "{48A3ADFA-03CF-4DDA-A1DB-D0BE88E66280}"
EndProject
Project("{FAE04EC0-301F-11D3-BF4B-00C04F79EFBC}") = "Moka.Docs.Engine.Tests", "tests\Moka.Docs.Engine.Tests\Moka.Docs.Engine.Tests.csproj", "{AF388598-A395-4912-A6C7-66F48741FCCB}"
EndProject
Project("{FAE04EC0-301F-11D3-BF4B-00C04F79EFBC}") = "Moka.Docs.Parsing.Tests", "tests\Moka.Docs.Parsing.Tests\Moka.Docs.Parsing.Tests.csproj", "{A964663E-7003-4E6F-976E-CFDCEC55B66B}"
EndProject
Project("{FAE04EC0-301F-11D3-BF4B-00C04F79EFBC}") = "Moka.Docs.CSharp.Tests", "tests\Moka.Docs.CSharp.Tests\Moka.Docs.CSharp.Tests.csproj", "{2F4A33A0-9BC6-4396-83D5-A0223EDD5D46}"
EndProject
Project("{FAE04EC0-301F-11D3-BF4B-00C04F79EFBC}") = "Moka.Docs.Integration.Tests", "tests\Moka.Docs.Integration.Tests\Moka.Docs.Integration.Tests.csproj", "{6F281486-EA2F-4BD9-B251-1662B5A6FE8E}"
EndProject
Project("{FAE04EC0-301F-11D3-BF4B-00C04F79EFBC}") = "Moka.Docs.AspNetCore", "src\Moka.Docs.AspNetCore\Moka.Docs.AspNetCore.csproj", "{4D19CCBC-043B-4C3F-B7F6-FF9CDDE75B30}"
EndProject
Project("{2150E333-8FDC-42A3-9474-1A3956D46DE8}") = "samples", "samples", "{5D20AA90-6969-D8BD-9DCD-8634F4692FDA}"
EndProject
Project("{FAE04EC0-301F-11D3-BF4B-00C04F79EFBC}") = "Moka.Docs.Samples.Library", "samples\Moka.Docs.Samples.Library\Moka.Docs.Samples.Library.csproj", "{DB2201F9-0C75-4E9E-B540-898F5D090237}"
EndProject
Project("{FAE04EC0-301F-11D3-BF4B-00C04F79EFBC}") = "Moka.Docs.Samples.Api", "samples\Moka.Docs.Samples.Api\Moka.Docs.Samples.Api.csproj", "{802E765C-7466-44D0-9EE4-372373051406}"
EndProject
Project("{FAE04EC0-301F-11D3-BF4B-00C04F79EFBC}") = "Moka.Docs.Samples.AspNetCore", "samples\Moka.Docs.Samples.AspNetCore\Moka.Docs.Samples.AspNetCore.csproj", "{B9125884-A6B6-44D4-889D-E4027526D26F}"
EndProject
Project("{2150E333-8FDC-42A3-9474-1A3956D46DE8}") = "solution-items", "solution-items", "{7B5157A6-388D-40D7-A02F-3ED8D3982174}"
	ProjectSection(SolutionItems) = preProject
		.editorconfig = .editorconfig
		Directory.Build.props = Directory.Build.props
		Directory.Packages.props = Directory.Packages.props
		README.md = README.md
		README.nuget.md = README.nuget.md
	EndProjectSection
EndProject
Global
	GlobalSection(SolutionConfigurationPlatforms) = preSolution
		Debug|Any CPU = Debug|Any CPU
		Debug|x64 = Debug|x64
		Debug|x86 = Debug|x86
		Release|Any CPU = Release|Any CPU
		Release|x64 = Release|x64
		Release|x86 = Release|x86
	EndGlobalSection
	GlobalSection(ProjectConfigurationPlatforms) = postSolution
		{5A6FBC0E-DF8E-4EC1-9193-920CA76ACD0E}.Debug|Any CPU.ActiveCfg = Debug|Any CPU
		{5A6FBC0E-DF8E-4EC1-9193-920CA76ACD0E}.Debug|Any CPU.Build.0 = Debug|Any CPU
		{5A6FBC0E-DF8E-4EC1-9193-920CA76ACD0E}.Debug|x64.ActiveCfg = Debug|Any CPU
		{5A6FBC0E-DF8E-4EC1-9193-920CA76ACD0E}.Debug|x64.Build.0 = Debug|Any CPU
		{5A6FBC0E-DF8E-4EC1-9193-920CA76ACD0E}.Debug|x86.ActiveCfg = Debug|Any CPU
		{5A6FBC0E-DF8E-4EC1-9193-920CA76ACD0E}.Debug|x86.Build.0 = Debug|Any CPU
		{5A6FBC0E-DF8E-4EC1-9193-920CA76ACD0E}.Release|Any CPU.ActiveCfg = Release|Any CPU
		{5A6FBC0E-DF8E-4EC1-9193-920CA76ACD0E}.Release|Any CPU.Build.0 = Release|Any CPU
		{5A6FBC0E-DF8E-4EC1-9193-920CA76ACD0E}.Release|x64.ActiveCfg = Release|Any CPU
		{5A6FBC0E-DF8E-4EC1-9193-920CA76ACD0E}.Release|x64.Build.0 = Release|Any CPU
		{5A6FBC0E-DF8E-4EC1-9193-920CA76ACD0E}.Release|x86.ActiveCfg = Release|Any CPU
		{5A6FBC0E-DF8E-4EC1-9193-920CA76ACD0E}.Release|x86.Build.0 = Release|Any CPU
		{EAC252ED-6DBF-4D61-A408-A7BD8DF4E863}.Debug|Any CPU.ActiveCfg = Debug|Any CPU
		{EAC252ED-6DBF-4D61-A408-A7BD8DF4E863}.Debug|Any CPU.Build.0 = Debug|Any CPU
		{EAC252ED-6DBF-4D61-A408-A7BD8DF4E863}.Debug|x64.ActiveCfg = Debug|Any CPU
		{EAC252ED-6DBF-4D61-A408-A7BD8DF4E863}.Debug|x64.Build.0 = Debug|Any CPU
		{EAC252ED-6DBF-4D61-A408-A7BD8DF4E863}.Debug|x86.ActiveCfg = Debug|Any CPU
		{EAC252ED-6DBF-4D61-A408-A7BD8DF4E863}.Debug|x86.Build.0 = Debug|Any CPU
		{EAC252ED-6DBF-4D61-A408-A7BD8DF4E863}.Release|Any CPU.ActiveCfg = Release|Any CPU
		{EAC252ED-6DBF-4D61-A408-A7BD8DF4E863}.Release|Any CPU.Build.0 = Release|Any CPU
		{EAC252ED-6DBF-4D61-A408-A7BD8DF4E863}.Release|x64.ActiveCfg = Release|Any CPU
		{EAC252ED-6DBF-4D61-A408-A7BD8DF4E863}.Release|x64.Build.0 = Release|Any CPU
		{EAC252ED-6DBF-4D61-A408-A7BD8DF4E863}.Release|x86.ActiveCfg = Release|Any CPU
		{EAC252ED-6DBF-4D61-A408-A7BD8DF4E863}.Release|x86.Build.0 = Release|Any CPU
		{10EFDF1C-4C73-40FE-9F66-C7D18C31C759}.Debug|Any CPU.ActiveCfg = Debug|Any CPU
		{10EFDF1C-4C73-40FE-9F66-C7D18C31C759}.Debug|Any CPU.Build.0 = Debug|Any CPU
		{10EFDF1C-4C73-40FE-9F66-C7D18C31C759}.Debug|x64.ActiveCfg = Debug|Any CPU
		{10EFDF1C-4C73-40FE-9F66-C7D18C31C759}.Debug|x64.Build.0 = Debug|Any CPU
		{10EFDF1C-4C73-40FE-9F66-C7D18C31C759}.Debug|x86.ActiveCfg = Debug|Any CPU
		{10EFDF1C-4C73-40FE-9F66-C7D18C31C759}.Debug|x86.Build.0 = Debug|Any CPU
		{10EFDF1C-4C73-40FE-9F66-C7D18C31C759}.Release|Any CPU.ActiveCfg = Release|Any CPU
		{10EFDF1C-4C73-40FE-9F66-C7D18C31C759}.Release|Any CPU.Build.0 = Release|Any CPU
		{10EFDF1C-4C73-40FE-9F66-C7D18C31C759}.Release|x64.ActiveCfg = Release|Any CPU
		{10EFDF1C-4C73-40FE-9F66-C7D18C31C759}.Release|x64.Build.0 = Release|Any CPU
		{10EFDF1C-4C73-40FE-9F66-C7D18C31C759}.Release|x86.ActiveCfg = Release|Any CPU
		{10EFDF1C-4C73-40FE-9F66-C7D18C31C759}.Release|x86.Build.0 = Release|Any CPU
		{BDE1554E-E0B2-4038-91A8-250B86538761}.Debug|Any CPU.ActiveCfg = Debug|Any CPU
		{BDE1554E-E0B2-4038-91A8-250B86538761}.Debug|Any CPU.Build.0 = Debug|Any CPU
		{BDE1554E-E0B2-4038-91A8-250B86538761}.Debug|x64.ActiveCfg = Debug|Any CPU
		{BDE1554E-E0B2-4038-91A8-250B86538761}.Debug|x64.Build.0 = Debug|Any CPU
		{BDE1554E-E0B2-4038-91A8-250B86538761}.Debug|x86.ActiveCfg = Debug|Any CPU
		{BDE1554E-E0B2-4038-91A8-250B86538761}.Debug|x86.Build.0 = Debug|Any CPU
		{BDE1554E-E0B2-4038-91A8-250B86538761}.Release|Any CPU.ActiveCfg = Release|Any CPU
		{BDE1554E-E0B2-4038-91A8-250B86538761}.Release|Any CPU.Build.0 = Release|Any CPU
		{BDE1554E-E0B2-4038-91A8-250B86538761}.Release|x64.ActiveCfg = Release|Any CPU
		{BDE1554E-E0B2-4038-91A8-250B86538761}.Release|x64.Build.0 = Release|Any CPU
		{BDE1554E-E0B2-4038-91A8-250B86538761}.Release|x86.ActiveCfg = Release|Any CPU
		{BDE1554E-E0B2-4038-91A8-250B86538761}.Release|x86.Build.0 = Release|Any CPU
		{29EDFCB3-33E3-471A-A7C2-D22240186B3A}.Debug|Any CPU.ActiveCfg = Debug|Any CPU
		{29EDFCB3-33E3-471A-A7C2-D22240186B3A}.Debug|Any CPU.Build.0 = Debug|Any CPU
		{29EDFCB3-33E3-471A-A7C2-D22240186B3A}.Debug|x64.ActiveCfg = Debug|Any CPU
		{29EDFCB3-33E3-471A-A7C2-D22240186B3A}.Debug|x64.Build.0 = Debug|Any CPU
		{29EDFCB3-33E3-471A-A7C2-D22240186B3A}.Debug|x86.ActiveCfg = Debug|Any CPU
		{29EDFCB3-33E3-471A-A7C2-D22240186B3A}.Debug|x86.Build.0 = Debug|Any CPU
		{29EDFCB3-33E3-471A-A7C2-D22240186B3A}.Release|Any CPU.ActiveCfg = Release|Any CPU
		{29EDFCB3-33E3-471A-A7C2-D22240186B3A}.Release|Any CPU.Build.0 = Release|Any CPU
		{29EDFCB3-33E3-471A-A7C2-D22240186B3A}.Release|x64.ActiveCfg = Release|Any CPU
		{29EDFCB3-33E3-471A-A7C2-D22240186B3A}.Release|x64.Build.0 = Release|Any CPU
		{29EDFCB3-33E3-471A-A7C2-D22240186B3A}.Release|x86.ActiveCfg = Release|Any CPU
		{29EDFCB3-33E3-471A-A7C2-D22240186B3A}.Release|x86.Build.0 = Release|Any CPU
		{455EBA6B-017A-435A-A17E-6C214122D64D}.Debug|Any CPU.ActiveCfg = Debug|Any CPU
		{455EBA6B-017A-435A-A17E-6C214122D64D}.Debug|Any CPU.Build.0 = Debug|Any CPU
		{455EBA6B-017A-435A-A17E-6C214122D64D}.Debug|x64.ActiveCfg = Debug|Any CPU
		{455EBA6B-017A-435A-A17E-6C214122D64D}.Debug|x64.Build.0 = Debug|Any CPU
		{455EBA6B-017A-435A-A17E-6C214122D64D}.Debug|x86.ActiveCfg = Debug|Any CPU
		{455EBA6B-017A-435A-A17E-6C214122D64D}.Debug|x86.Build.0 = Debug|Any CPU
		{455EBA6B-017A-435A-A17E-6C214122D64D}.Release|Any CPU.ActiveCfg = Release|Any CPU
		{455EBA6B-017A-435A-A17E-6C214122D64D}.Release|Any CPU.Build.0 = Release|Any CPU
		{455EBA6B-017A-435A-A17E-6C214122D64D}.Release|x64.ActiveCfg = Release|Any CPU
		{455EBA6B-017A-435A-A17E-6C214122D64D}.Release|x64.Build.0 = Release|Any CPU
		{455EBA6B-017A-435A-A17E-6C214122D64D}.Release|x86.ActiveCfg = Release|Any CPU
		{455EBA6B-017A-435A-A17E-6C214122D64D}.Release|x86.Build.0 = Release|Any CPU
		{EB785A47-6A44-4EDF-AB18-D9EC1543B67D}.Debug|Any CPU.ActiveCfg = Debug|Any CPU
		{EB785A47-6A44-4EDF-AB18-D9EC1543B67D}.Debug|Any CPU.Build.0 = Debug|Any CPU
		{EB785A47-6A44-4EDF-AB18-D9EC1543B67D}.Debug|x64.ActiveCfg = Debug|Any CPU
		{EB785A47-6A44-4EDF-AB18-D9EC1543B67D}.Debug|x64.Build.0 = Debug|Any CPU
		{EB785A47-6A44-4EDF-AB18-D9EC1543B67D}.Debug|x86.ActiveCfg = Debug|Any CPU
		{EB785A47-6A44-4EDF-AB18-D9EC1543B67D}.Debug|x86.Build.0 = Debug|Any CPU
		{EB785A47-6A44-4EDF-AB18-D9EC1543B67D}.Release|Any CPU.ActiveCfg = Release|Any CPU
		{EB785A47-6A44-4EDF-AB18-D9EC1543B67D}.Release|Any CPU.Build.0 = Release|Any CPU
		{EB785A47-6A44-4EDF-AB18-D9EC1543B67D}.Release|x64.ActiveCfg = Release|Any CPU
		{EB785A47-6A44-4EDF-AB18-D9EC1543B67D}.Release|x64.Build.0 = Release|Any CPU
		{EB785A47-6A44-4EDF-AB18-D9EC1543B67D}.Release|x86.ActiveCfg = Release|Any CPU
		{EB785A47-6A44-4EDF-AB18-D9EC1543B67D}.Release|x86.Build.0 = Release|Any CPU
		{DAC8D314-E700-4DD8-B77D-F10CCC0AF368}.Debug|Any CPU.ActiveCfg = Debug|Any CPU
		{DAC8D314-E700-4DD8-B77D-F10CCC0AF368}.Debug|Any CPU.Build.0 = Debug|Any CPU
		{DAC8D314-E700-4DD8-B77D-F10CCC0AF368}.Debug|x64.ActiveCfg = Debug|Any CPU
		{DAC8D314-E700-4DD8-B77D-F10CCC0AF368}.Debug|x64.Build.0 = Debug|Any CPU
		{DAC8D314-E700-4DD8-B77D-F10CCC0AF368}.Debug|x86.ActiveCfg = Debug|Any CPU
		{DAC8D314-E700-4DD8-B77D-F10CCC0AF368}.Debug|x86.Build.0 = Debug|Any CPU
		{DAC8D314-E700-4DD8-B77D-F10CCC0AF368}.Release|Any CPU.ActiveCfg = Release|Any CPU
		{DAC8D314-E700-4DD8-B77D-F10CCC0AF368}.Release|Any CPU.Build.0 = Release|Any CPU
		{DAC8D314-E700-4DD8-B77D-F10CCC0AF368}.Release|x64.ActiveCfg = Release|Any CPU
		{DAC8D314-E700-4DD8-B77D-F10CCC0AF368}.Release|x64.Build.0 = Release|Any CPU
		{DAC8D314-E700-4DD8-B77D-F10CCC0AF368}.Release|x86.ActiveCfg = Release|Any CPU
		{DAC8D314-E700-4DD8-B77D-F10CCC0AF368}.Release|x86.Build.0 = Release|Any CPU
		{E16EAB34-0399-4115-91A1-5AA798E02190}.Debug|Any CPU.ActiveCfg = Debug|Any CPU
		{E16EAB34-0399-4115-91A1-5AA798E02190}.Debug|Any CPU.Build.0 = Debug|Any CPU
		{E16EAB34-0399-4115-91A1-5AA798E02190}.Debug|x64.ActiveCfg = Debug|Any CPU
		{E16EAB34-0399-4115-91A1-5AA798E02190}.Debug|x64.Build.0 = Debug|Any CPU
		{E16EAB34-0399-4115-91A1-5AA798E02190}.Debug|x86.ActiveCfg = Debug|Any CPU
		{E16EAB34-0399-4115-91A1-5AA798E02190}.Debug|x86.Build.0 = Debug|Any CPU
		{E16EAB34-0399-4115-91A1-5AA798E02190}.Release|Any CPU.ActiveCfg = Release|Any CPU
		{E16EAB34-0399-4115-91A1-5AA798E02190}.Release|Any CPU.Build.0 = Release|Any CPU
		{E16EAB34-0399-4115-91A1-5AA798E02190}.Release|x64.ActiveCfg = Release|Any CPU
		{E16EAB34-0399-4115-91A1-5AA798E02190}.Release|x64.Build.0 = Release|Any CPU
		{E16EAB34-0399-4115-91A1-5AA798E02190}.Release|x86.ActiveCfg = Release|Any CPU
		{E16EAB34-0399-4115-91A1-5AA798E02190}.Release|x86.Build.0 = Release|Any CPU
		{F5298BE6-6A65-4877-8971-9E3F598BF665}.Debug|Any CPU.ActiveCfg = Debug|Any CPU
		{F5298BE6-6A65-4877-8971-9E3F598BF665}.Debug|Any CPU.Build.0 = Debug|Any CPU
		{F5298BE6-6A65-4877-8971-9E3F598BF665}.Debug|x64.ActiveCfg = Debug|Any CPU
		{F5298BE6-6A65-4877-8971-9E3F598BF665}.Debug|x64.Build.0 = Debug|Any CPU
		{F5298BE6-6A65-4877-8971-9E3F598BF665}.Debug|x86.ActiveCfg = Debug|Any CPU
		{F5298BE6-6A65-4877-8971-9E3F598BF665}.Debug|x86.Build.0 = Debug|Any CPU
		{F5298BE6-6A65-4877-8971-9E3F598BF665}.Release|Any CPU.ActiveCfg = Release|Any CPU
		{F5298BE6-6A65-4877-8971-9E3F598BF665}.Release|Any CPU.Build.0 = Release|Any CPU
		{F5298BE6-6A65-4877-8971-9E3F598BF665}.Release|x64.ActiveCfg = Release|Any CPU
		{F5298BE6-6A65-4877-8971-9E3F598BF665}.Release|x64.Build.0 = Release|Any CPU
		{F5298BE6-6A65-4877-8971-9E3F598BF665}.Release|x86.ActiveCfg = Release|Any CPU
		{F5298BE6-6A65-4877-8971-9E3F598BF665}.Release|x86.Build.0 = Release|Any CPU
		{6E9460AA-5014-44FA-BEFA-DA0AC293306A}.Debug|Any CPU.ActiveCfg = Debug|Any CPU
		{6E9460AA-5014-44FA-BEFA-DA0AC293306A}.Debug|Any CPU.Build.0 = Debug|Any CPU
		{6E9460AA-5014-44FA-BEFA-DA0AC293306A}.Debug|x64.ActiveCfg = Debug|Any CPU
		{6E9460AA-5014-44FA-BEFA-DA0AC293306A}.Debug|x64.Build.0 = Debug|Any CPU
		{6E9460AA-5014-44FA-BEFA-DA0AC293306A}.Debug|x86.ActiveCfg = Debug|Any CPU
		{6E9460AA-5014-44FA-BEFA-DA0AC293306A}.Debug|x86.Build.0 = Debug|Any CPU
		{6E9460AA-5014-44FA-BEFA-DA0AC293306A}.Release|Any CPU.ActiveCfg = Release|Any CPU
		{6E9460AA-5014-44FA-BEFA-DA0AC293306A}.Release|Any CPU.Build.0 = Release|Any CPU
		{6E9460AA-5014-44FA-BEFA-DA0AC293306A}.Release|x64.ActiveCfg = Release|Any CPU
		{6E9460AA-5014-44FA-BEFA-DA0AC293306A}.Release|x64.Build.0 = Release|Any CPU
		{6E9460AA-5014-44FA-BEFA-DA0AC293306A}.Release|x86.ActiveCfg = Release|Any CPU
		{6E9460AA-5014-44FA-BEFA-DA0AC293306A}.Release|x86.Build.0 = Release|Any CPU
		{79C6000D-AB4D-4447-9279-07C6A47804CE}.Debug|Any CPU.ActiveCfg = Debug|Any CPU
		{79C6000D-AB4D-4447-9279-07C6A47804CE}.Debug|Any CPU.Build.0 = Debug|Any CPU
		{79C6000D-AB4D-4447-9279-07C6A47804CE}.Debug|x64.ActiveCfg = Debug|Any CPU
		{79C6000D-AB4D-4447-9279-07C6A47804CE}.Debug|x64.Build.0 = Debug|Any CPU
		{79C6000D-AB4D-4447-9279-07C6A47804CE}.Debug|x86.ActiveCfg = Debug|Any CPU
		{79C6000D-AB4D-4447-9279-07C6A47804CE}.Debug|x86.Build.0 = Debug|Any CPU
		{79C6000D-AB4D-4447-9279-07C6A47804CE}.Release|Any CPU.ActiveCfg = Release|Any CPU
		{79C6000D-AB4D-4447-9279-07C6A47804CE}.Release|Any CPU.Build.0 = Release|Any CPU
		{79C6000D-AB4D-4447-9279-07C6A47804CE}.Release|x64.ActiveCfg = Release|Any CPU
		{79C6000D-AB4D-4447-9279-07C6A47804CE}.Release|x64.Build.0 = Release|Any CPU
		{79C6000D-AB4D-4447-9279-07C6A47804CE}.Release|x86.ActiveCfg = Release|Any CPU
		{79C6000D-AB4D-4447-9279-07C6A47804CE}.Release|x86.Build.0 = Release|Any CPU
		{48A3ADFA-03CF-4DDA-A1DB-D0BE88E66280}.Debug|Any CPU.ActiveCfg = Debug|Any CPU
		{48A3ADFA-03CF-4DDA-A1DB-D0BE88E66280}.Debug|Any CPU.Build.0 = Debug|Any CPU
		{48A3ADFA-03CF-4DDA-A1DB-D0BE88E66280}.Debug|x64.ActiveCfg = Debug|Any CPU
		{48A3ADFA-03CF-4DDA-A1DB-D0BE88E66280}.Debug|x64.Build.0 = Debug|Any CPU
		{48A3ADFA-03CF-4DDA-A1DB-D0BE88E66280}.Debug|x86.ActiveCfg = Debug|Any CPU
		{48A3ADFA-03CF-4DDA-A1DB-D0BE88E66280}.Debug|x86.Build.0 = Debug|Any CPU
		{48A3ADFA-03CF-4DDA-A1DB-D0BE88E66280}.Release|Any CPU.ActiveCfg = Release|Any CPU
		{48A3ADFA-03CF-4DDA-A1DB-D0BE88E66280}.Release|Any CPU.Build.0 = Release|Any CPU
		{48A3ADFA-03CF-4DDA-A1DB-D0BE88E66280}.Release|x64.ActiveCfg = Release|Any CPU
		{48A3ADFA-03CF-4DDA-A1DB-D0BE88E66280}.Release|x64.Build.0 = Release|Any CPU
		{48A3ADFA-03CF-4DDA-A1DB-D0BE88E66280}.Release|x86.ActiveCfg = Release|Any CPU
		{48A3ADFA-03CF-4DDA-A1DB-D0BE88E66280}.Release|x86.Build.0 = Release|Any CPU
		{AF388598-A395-4912-A6C7-66F48741FCCB}.Debug|Any CPU.ActiveCfg = Debug|Any CPU
		{AF388598-A395-4912-A6C7-66F48741FCCB}.Debug|Any CPU.Build.0 = Debug|Any CPU
		{AF388598-A395-4912-A6C7-66F48741FCCB}.Debug|x64.ActiveCfg = Debug|Any CPU
		{AF388598-A395-4912-A6C7-66F48741FCCB}.Debug|x64.Build.0 = Debug|Any CPU
		{AF388598-A395-4912-A6C7-66F48741FCCB}.Debug|x86.ActiveCfg = Debug|Any CPU
		{AF388598-A395-4912-A6C7-66F48741FCCB}.Debug|x86.Build.0 = Debug|Any CPU
		{AF388598-A395-4912-A6C7-66F48741FCCB}.Release|Any CPU.ActiveCfg = Release|Any CPU
		{AF388598-A395-4912-A6C7-66F48741FCCB}.Release|Any CPU.Build.0 = Release|Any CPU
		{AF388598-A395-4912-A6C7-66F48741FCCB}.Release|x64.ActiveCfg = Release|Any CPU
		{AF388598-A395-4912-A6C7-66F48741FCCB}.Release|x64.Build.0 = Release|Any CPU
		{AF388598-A395-4912-A6C7-66F48741FCCB}.Release|x86.ActiveCfg = Release|Any CPU
		{AF388598-A395-4912-A6C7-66F48741FCCB}.Release|x86.Build.0 = Release|Any CPU
		{A964663E-7003-4E6F-976E-CFDCEC55B66B}.Debug|Any CPU.ActiveCfg = Debug|Any CPU
		{A964663E-7003-4E6F-976E-CFDCEC55B66B}.Debug|Any CPU.Build.0 = Debug|Any CPU
		{A964663E-7003-4E6F-976E-CFDCEC55B66B}.Debug|x64.ActiveCfg = Debug|Any CPU
		{A964663E-7003-4E6F-976E-CFDCEC55B66B}.Debug|x64.Build.0 = Debug|Any CPU
		{A964663E-7003-4E6F-976E-CFDCEC55B66B}.Debug|x86.ActiveCfg = Debug|Any CPU
		{A964663E-7003-4E6F-976E-CFDCEC55B66B}.Debug|x86.Build.0 = Debug|Any CPU
		{A964663E-7003-4E6F-976E-CFDCEC55B66B}.Release|Any CPU.ActiveCfg = Release|Any CPU
		{A964663E-7003-4E6F-976E-CFDCEC55B66B}.Release|Any CPU.Build.0 = Release|Any CPU
		{A964663E-7003-4E6F-976E-CFDCEC55B66B}.Release|x64.ActiveCfg = Release|Any CPU
		{A964663E-7003-4E6F-976E-CFDCEC55B66B}.Release|x64.Build.0 = Release|Any CPU
		{A964663E-7003-4E6F-976E-CFDCEC55B66B}.Release|x86.ActiveCfg = Release|Any CPU
		{A964663E-7003-4E6F-976E-CFDCEC55B66B}.Release|x86.Build.0 = Release|Any CPU
		{2F4A33A0-9BC6-4396-83D5-A0223EDD5D46}.Debug|Any CPU.ActiveCfg = Debug|Any CPU
		{2F4A33A0-9BC6-4396-83D5-A0223EDD5D46}.Debug|Any CPU.Build.0 = Debug|Any CPU
		{2F4A33A0-9BC6-4396-83D5-A0223EDD5D46}.Debug|x64.ActiveCfg = Debug|Any CPU
		{2F4A33A0-9BC6-4396-83D5-A0223EDD5D46}.Debug|x64.Build.0 = Debug|Any CPU
		{2F4A33A0-9BC6-4396-83D5-A0223EDD5D46}.Debug|x86.ActiveCfg = Debug|Any CPU
		{2F4A33A0-9BC6-4396-83D5-A0223EDD5D46}.Debug|x86.Build.0 = Debug|Any CPU
		{2F4A33A0-9BC6-4396-83D5-A0223EDD5D46}.Release|Any CPU.ActiveCfg = Release|Any CPU
		{2F4A33A0-9BC6-4396-83D5-A0223EDD5D46}.Release|Any CPU.Build.0 = Release|Any CPU
		{2F4A33A0-9BC6-4396-83D5-A0223EDD5D46}.Release|x64.ActiveCfg = Release|Any CPU
		{2F4A33A0-9BC6-4396-83D5-A0223EDD5D46}.Release|x64.Build.0 = Release|Any CPU
		{2F4A33A0-9BC6-4396-83D5-A0223EDD5D46}.Release|x86.ActiveCfg = Release|Any CPU
		{2F4A33A0-9BC6-4396-83D5-A0223EDD5D46}.Release|x86.Build.0 = Release|Any CPU
		{6F281486-EA2F-4BD9-B251-1662B5A6FE8E}.Debug|Any CPU.ActiveCfg = Debug|Any CPU
		{6F281486-EA2F-4BD9-B251-1662B5A6FE8E}.Debug|Any CPU.Build.0 = Debug|Any CPU
		{6F281486-EA2F-4BD9-B251-1662B5A6FE8E}.Debug|x64.ActiveCfg = Debug|Any CPU
		{6F281486-EA2F-4BD9-B251-1662B5A6FE8E}.Debug|x64.Build.0 = Debug|Any CPU
		{6F281486-EA2F-4BD9-B251-1662B5A6FE8E}.Debug|x86.ActiveCfg = Debug|Any CPU
		{6F281486-EA2F-4BD9-B251-1662B5A6FE8E}.Debug|x86.Build.0 = Debug|Any CPU
		{6F281486-EA2F-4BD9-B251-1662B5A6FE8E}.Release|Any CPU.ActiveCfg = Release|Any CPU
		{6F281486-EA2F-4BD9-B251-1662B5A6FE8E}.Release|Any CPU.Build.0 = Release|Any CPU
		{6F281486-EA2F-4BD9-B251-1662B5A6FE8E}.Release|x64.ActiveCfg = Release|Any CPU
		{6F281486-EA2F-4BD9-B251-1662B5A6FE8E}.Release|x64.Build.0 = Release|Any CPU
		{6F281486-EA2F-4BD9-B251-1662B5A6FE8E}.Release|x86.ActiveCfg = Release|Any CPU
		{6F281486-EA2F-4BD9-B251-1662B5A6FE8E}.Release|x86.Build.0 = Release|Any CPU
		{4D19CCBC-043B-4C3F-B7F6-FF9CDDE75B30}.Debug|Any CPU.ActiveCfg = Debug|Any CPU
		{4D19CCBC-043B-4C3F-B7F6-FF9CDDE75B30}.Debug|Any CPU.Build.0 = Debug|Any CPU
		{4D19CCBC-043B-4C3F-B7F6-FF9CDDE75B30}.Debug|x64.ActiveCfg = Debug|Any CPU
		{4D19CCBC-043B-4C3F-B7F6-FF9CDDE75B30}.Debug|x64.Build.0 = Debug|Any CPU
		{4D19CCBC-043B-4C3F-B7F6-FF9CDDE75B30}.Debug|x86.ActiveCfg = Debug|Any CPU
		{4D19CCBC-043B-4C3F-B7F6-FF9CDDE75B30}.Debug|x86.Build.0 = Debug|Any CPU
		{4D19CCBC-043B-4C3F-B7F6-FF9CDDE75B30}.Release|Any CPU.ActiveCfg = Release|Any CPU
		{4D19CCBC-043B-4C3F-B7F6-FF9CDDE75B30}.Release|Any CPU.Build.0 = Release|Any CPU
		{4D19CCBC-043B-4C3F-B7F6-FF9CDDE75B30}.Release|x64.ActiveCfg = Release|Any CPU
		{4D19CCBC-043B-4C3F-B7F6-FF9CDDE75B30}.Release|x64.Build.0 = Release|Any CPU
		{4D19CCBC-043B-4C3F-B7F6-FF9CDDE75B30}.Release|x86.ActiveCfg = Release|Any CPU
		{4D19CCBC-043B-4C3F-B7F6-FF9CDDE75B30}.Release|x86.Build.0 = Release|Any CPU
		{DB2201F9-0C75-4E9E-B540-898F5D090237}.Debug|Any CPU.ActiveCfg = Debug|Any CPU
		{DB2201F9-0C75-4E9E-B540-898F5D090237}.Debug|Any CPU.Build.0 = Debug|Any CPU
		{DB2201F9-0C75-4E9E-B540-898F5D090237}.Debug|x64.ActiveCfg = Debug|Any CPU
		{DB2201F9-0C75-4E9E-B540-898F5D090237}.Debug|x64.Build.0 = Debug|Any CPU
		{DB2201F9-0C75-4E9E-B540-898F5D090237}.Debug|x86.ActiveCfg = Debug|Any CPU
		{DB2201F9-0C75-4E9E-B540-898F5D090237}.Debug|x86.Build.0 = Debug|Any CPU
		{DB2201F9-0C75-4E9E-B540-898F5D090237}.Release|Any CPU.ActiveCfg = Release|Any CPU
		{DB2201F9-0C75-4E9E-B540-898F5D090237}.Release|Any CPU.Build.0 = Release|Any CPU
		{DB2201F9-0C75-4E9E-B540-898F5D090237}.Release|x64.ActiveCfg = Release|Any CPU
		{DB2201F9-0C75-4E9E-B540-898F5D090237}.Release|x64.Build.0 = Release|Any CPU
		{DB2201F9-0C75-4E9E-B540-898F5D090237}.Release|x86.ActiveCfg = Release|Any CPU
		{DB2201F9-0C75-4E9E-B540-898F5D090237}.Release|x86.Build.0 = Release|Any CPU
		{802E765C-7466-44D0-9EE4-372373051406}.Debug|Any CPU.ActiveCfg = Debug|Any CPU
		{802E765C-7466-44D0-9EE4-372373051406}.Debug|Any CPU.Build.0 = Debug|Any CPU
		{802E765C-7466-44D0-9EE4-372373051406}.Debug|x64.ActiveCfg = Debug|Any CPU
		{802E765C-7466-44D0-9EE4-372373051406}.Debug|x64.Build.0 = Debug|Any CPU
		{802E765C-7466-44D0-9EE4-372373051406}.Debug|x86.ActiveCfg = Debug|Any CPU
		{802E765C-7466-44D0-9EE4-372373051406}.Debug|x86.Build.0 = Debug|Any CPU
		{802E765C-7466-44D0-9EE4-372373051406}.Release|Any CPU.ActiveCfg = Release|Any CPU
		{802E765C-7466-44D0-9EE4-372373051406}.Release|Any CPU.Build.0 = Release|Any CPU
		{802E765C-7466-44D0-9EE4-372373051406}.Release|x64.ActiveCfg = Release|Any CPU
		{802E765C-7466-44D0-9EE4-372373051406}.Release|x64.Build.0 = Release|Any CPU
		{802E765C-7466-44D0-9EE4-372373051406}.Release|x86.ActiveCfg = Release|Any CPU
		{802E765C-7466-44D0-9EE4-372373051406}.Release|x86.Build.0 = Release|Any CPU
		{B9125884-A6B6-44D4-889D-E4027526D26F}.Debug|Any CPU.ActiveCfg = Debug|Any CPU
		{B9125884-A6B6-44D4-889D-E4027526D26F}.Debug|Any CPU.Build.0 = Debug|Any CPU
		{B9125884-A6B6-44D4-889D-E4027526D26F}.Debug|x64.ActiveCfg = Debug|Any CPU
		{B9125884-A6B6-44D4-889D-E4027526D26F}.Debug|x64.Build.0 = Debug|Any CPU
		{B9125884-A6B6-44D4-889D-E4027526D26F}.Debug|x86.ActiveCfg = Debug|Any CPU
		{B9125884-A6B6-44D4-889D-E4027526D26F}.Debug|x86.Build.0 = Debug|Any CPU
		{B9125884-A6B6-44D4-889D-E4027526D26F}.Release|Any CPU.ActiveCfg = Release|Any CPU
		{B9125884-A6B6-44D4-889D-E4027526D26F}.Release|Any CPU.Build.0 = Release|Any CPU
		{B9125884-A6B6-44D4-889D-E4027526D26F}.Release|x64.ActiveCfg = Release|Any CPU
		{B9125884-A6B6-44D4-889D-E4027526D26F}.Release|x64.Build.0 = Release|Any CPU
		{B9125884-A6B6-44D4-889D-E4027526D26F}.Release|x86.ActiveCfg = Release|Any CPU
		{B9125884-A6B6-44D4-889D-E4027526D26F}.Release|x86.Build.0 = Release|Any CPU
	EndGlobalSection
	GlobalSection(SolutionProperties) = preSolution
		HideSolutionNode = FALSE
	EndGlobalSection
	GlobalSection(NestedProjects) = preSolution
		{5A6FBC0E-DF8E-4EC1-9193-920CA76ACD0E} = {827E0CD3-B72D-47B6-A68D-7590B98EB39B}
		{EAC252ED-6DBF-4D61-A408-A7BD8DF4E863} = {827E0CD3-B72D-47B6-A68D-7590B98EB39B}
		{10EFDF1C-4C73-40FE-9F66-C7D18C31C759} = {827E0CD3-B72D-47B6-A68D-7590B98EB39B}
		{BDE1554E-E0B2-4038-91A8-250B86538761} = {827E0CD3-B72D-47B6-A68D-7590B98EB39B}
		{29EDFCB3-33E3-471A-A7C2-D22240186B3A} = {827E0CD3-B72D-47B6-A68D-7590B98EB39B}
		{455EBA6B-017A-435A-A17E-6C214122D64D} = {827E0CD3-B72D-47B6-A68D-7590B98EB39B}
		{EB785A47-6A44-4EDF-AB18-D9EC1543B67D} = {827E0CD3-B72D-47B6-A68D-7590B98EB39B}
		{DAC8D314-E700-4DD8-B77D-F10CCC0AF368} = {827E0CD3-B72D-47B6-A68D-7590B98EB39B}
		{E16EAB34-0399-4115-91A1-5AA798E02190} = {827E0CD3-B72D-47B6-A68D-7590B98EB39B}
		{F5298BE6-6A65-4877-8971-9E3F598BF665} = {827E0CD3-B72D-47B6-A68D-7590B98EB39B}
		{6E9460AA-5014-44FA-BEFA-DA0AC293306A} = {827E0CD3-B72D-47B6-A68D-7590B98EB39B}
		{79C6000D-AB4D-4447-9279-07C6A47804CE} = {827E0CD3-B72D-47B6-A68D-7590B98EB39B}
		{48A3ADFA-03CF-4DDA-A1DB-D0BE88E66280} = {0AB3BF05-4346-4AA6-1389-037BE0695223}
		{AF388598-A395-4912-A6C7-66F48741FCCB} = {0AB3BF05-4346-4AA6-1389-037BE0695223}
		{A964663E-7003-4E6F-976E-CFDCEC55B66B} = {0AB3BF05-4346-4AA6-1389-037BE0695223}
		{2F4A33A0-9BC6-4396-83D5-A0223EDD5D46} = {0AB3BF05-4346-4AA6-1389-037BE0695223}
		{6F281486-EA2F-4BD9-B251-1662B5A6FE8E} = {0AB3BF05-4346-4AA6-1389-037BE0695223}
		{4D19CCBC-043B-4C3F-B7F6-FF9CDDE75B30} = {827E0CD3-B72D-47B6-A68D-7590B98EB39B}
		{DB2201F9-0C75-4E9E-B540-898F5D090237} = {5D20AA90-6969-D8BD-9DCD-8634F4692FDA}
		{802E765C-7466-44D0-9EE4-372373051406} = {5D20AA90-6969-D8BD-9DCD-8634F4692FDA}
		{B9125884-A6B6-44D4-889D-E4027526D26F} = {5D20AA90-6969-D8BD-9DCD-8634F4692FDA}
	EndGlobalSection
	GlobalSection(ExtensibilityGlobals) = postSolution
		SolutionGuid = {14BF7542-50B4-407A-89B1-43C8766E4A93}
	EndGlobalSection
EndGlobal
